// !$*UTF8*$!
{
	archiveVersion = 1;
	classes = {
	};
	objectVersion = 77;
	objects = {

/* Begin PBXContainerItemProxy section */
		C960CBF12E788B55005A276A /* PBXContainerItemProxy */ = {
			isa = PBXContainerItemProxy;
			containerPortal = C960CBDB2E788B4D005A276A /* Project object */;
			proxyType = 1;
			remoteGlobalIDString = C960CBE22E788B4D005A276A;
			remoteInfo = "HIIT Timer";
		};
		C960CBFB2E788B55005A276A /* PBXContainerItemProxy */ = {
			isa = PBXContainerItemProxy;
			containerPortal = C960CBDB2E788B4D005A276A /* Project object */;
			proxyType = 1;
			remoteGlobalIDString = C960CBE22E788B4D005A276A;
			remoteInfo = "HIIT Timer";
		};
/* End PBXContainerItemProxy section */

/* Begin PBXFileReference section */
		C960CBE32E788B4D005A276A /* HIIT Timer.app */ = {isa = PBXFileReference; explicitFileType = wrapper.application; includeInIndex = 0; path = "HIIT Timer.app"; sourceTree = BUILT_PRODUCTS_DIR; };
		C960CBF02E788B55005A276A /* HIIT TimerTests.xctest */ = {isa = PBXFileReference; explicitFileType = wrapper.cfbundle; includeInIndex = 0; path = "HIIT TimerTests.xctest"; sourceTree = BUILT_PRODUCTS_DIR; };
		C960CBFA2E788B55005A276A /* HIIT TimerUITests.xctest */ = {isa = PBXFileReference; explicitFileType = wrapper.cfbundle; includeInIndex = 0; path = "HIIT TimerUITests.xctest"; sourceTree = BUILT_PRODUCTS_DIR; };
/* End PBXFileReference section */

/* Begin PBXFileSystemSynchronizedRootGroup section */
		C960CBE52E788B4D005A276A /* HIIT Timer */ = {
			isa = PBXFileSystemSynchronizedRootGroup;
			path = "HIIT Timer";
			sourceTree = "<group>";
		};
		C960CBF32E788B55005A276A /* HIIT TimerTests */ = {
			isa = PBXFileSystemSynchronizedRootGroup;
			path = "HIIT TimerTests";
			sourceTree = "<group>";
		};
		C960CBFD2E788B55005A276A /* HIIT TimerUITests */ = {
			isa = PBXFileSystemSynchronizedRootGroup;
			path = "HIIT TimerUITests";
			sourceTree = "<group>";
		};
/* End PBXFileSystemSynchronizedRootGroup section */

/* Begin PBXFrameworksBuildPhase section */
		C960CBE02E788B4D005A276A /* Frameworks */ = {
			isa = PBXFrameworksBuildPhase;
			buildActionMask = 2147483647;
			files = (
			);
			runOnlyForDeploymentPostprocessing = 0;
		};
		C960CBED2E788B55005A276A /* Frameworks */ = {
			isa = PBXFrameworksBuildPhase;
			buildActionMask = 2147483647;
			files = (
			);
			runOnlyForDeploymentPostprocessing = 0;
		};
		C960CBF72E788B55005A276A /* Frameworks */ = {
			isa = PBXFrameworksBuildPhase;
			buildActionMask = 2147483647;
			files = (
			);
			runOnlyForDeploymentPostprocessing = 0;
		};
/* End PBXFrameworksBuildPhase section */

/* Begin PBXGroup section */
		C960CBDA2E788B4D005A276A = {
			isa = PBXGroup;
			children = (
				C960CBE52E788B4D005A276A /* HIIT Timer */,
				C960CBF32E788B55005A276A /* HIIT TimerTests */,
				C960CBFD2E788B55005A276A /* HIIT TimerUITests */,
				C960CBE42E788B4D005A276A /* Products */,
			);
			sourceTree = "<group>";
		};
		C960CBE42E788B4D005A276A /* Products */ = {
			isa = PBXGroup;
			children = (
				C960CBE32E788B4D005A276A /* HIIT Timer.app */,
				C960CBF02E788B55005A276A /* HIIT TimerTests.xctest */,
				C960CBFA2E788B55005A276A /* HIIT TimerUITests.xctest */,
			);
			name = Products;
			sourceTree = "<group>";
		};
/* End PBXGroup section */

/* Begin PBXNativeTarget section */
		C960CBE22E788B4D005A276A /* HIIT Timer */ = {
			isa = PBXNativeTarget;
			buildConfigurationList = C960CC042E788B55005A276A /* Build configuration list for PBXNativeTarget "HIIT Timer" */;
			buildPhases = (
				C960CBDF2E788B4D005A276A /* Sources */,
				C960CBE02E788B4D005A276A /* Frameworks */,
				C960CBE12E788B4D005A276A /* Resources */,
			);
			buildRules = (
			);
			dependencies = (
			);
			fileSystemSynchronizedGroups = (
				C960CBE52E788B4D005A276A /* HIIT Timer */,
			);
			name = "HIIT Timer";
			packageProductDependencies = (
			);
			productName = "HIIT Timer";
			productReference = C960CBE32E788B4D005A276A /* HIIT Timer.app */;
			productType = "com.apple.product-type.application";
		};
		C960CBEF2E788B55005A276A /* HIIT TimerTests */ = {
			isa = PBXNativeTarget;
			buildConfigurationList = C960CC072E788B55005A276A /* Build configuration list for PBXNativeTarget "HIIT TimerTests" */;
			buildPhases = (
				C960CBEC2E788B55005A276A /* Sources */,
				C960CBED2E788B55005A276A /* Frameworks */,
				C960CBEE2E788B55005A276A /* Resources */,
			);
			buildRules = (
			);
			dependencies = (
				C960CBF22E788B55005A276A /* PBXTargetDependency */,
			);
			fileSystemSynchronizedGroups = (
				C960CBF32E788B55005A276A /* HIIT TimerTests */,
			);
			name = "HIIT TimerTests";
			packageProductDependencies = (
			);
			productName = "HIIT TimerTests";
			productReference = C960CBF02E788B55005A276A /* HIIT TimerTests.xctest */;
			productType = "com.apple.product-type.bundle.unit-test";
		};
		C960CBF92E788B55005A276A /* HIIT TimerUITests */ = {
			isa = PBXNativeTarget;
			buildConfigurationList = C960CC0A2E788B55005A276A /* Build configuration list for PBXNativeTarget "HIIT TimerUITests" */;
			buildPhases = (
				C960CBF62E788B55005A276A /* Sources */,
				C960CBF72E788B55005A276A /* Frameworks */,
				C960CBF82E788B55005A276A /* Resources */,
			);
			buildRules = (
			);
			dependencies = (
				C960CBFC2E788B55005A276A /* PBXTargetDependency */,
			);
			fileSystemSynchronizedGroups = (
				C960CBFD2E788B55005A276A /* HIIT TimerUITests */,
			);
			name = "HIIT TimerUITests";
			packageProductDependencies = (
			);
			productName = "HIIT TimerUITests";
			productReference = C960CBFA2E788B55005A276A /* HIIT TimerUITests.xctest */;
			productType = "com.apple.product-type.bundle.ui-testing";
		};
/* End PBXNativeTarget section */

/* Begin PBXProject section */
		C960CBDB2E788B4D005A276A /* Project object */ = {
			isa = PBXProject;
			attributes = {
				BuildIndependentTargetsInParallel = 1;
				LastSwiftUpdateCheck = 1640;
				LastUpgradeCheck = 1640;
				TargetAttributes = {
					C960CBE22E788B4D005A276A = {
						CreatedOnToolsVersion = 16.4;
					};
					C960CBEF2E788B55005A276A = {
						CreatedOnToolsVersion = 16.4;
						TestTargetID = C960CBE22E788B4D005A276A;
					};
					C960CBF92E788B55005A276A = {
						CreatedOnToolsVersion = 16.4;
						TestTargetID = C960CBE22E788B4D005A276A;
					};
				};
			};
			buildConfigurationList = C960CBDE2E788B4D005A276A /* Build configuration list for PBXProject "HIIT Timer" */;
			developmentRegion = en;
			hasScannedForEncodings = 0;
			knownRegions = (
				en,
				Base,
			);
			mainGroup = C960CBDA2E788B4D005A276A;
			minimizedProjectReferenceProxies = 1;
			preferredProjectObjectVersion = 77;
			productRefGroup = C960CBE42E788B4D005A276A /* Products */;
			projectDirPath = "";
			projectRoot = "";
			targets = (
				C960CBE22E788B4D005A276A /* HIIT Timer */,
				C960CBEF2E788B55005A276A /* HIIT TimerTests */,
				C960CBF92E788B55005A276A /* HIIT TimerUITests */,
			);
		};
/* End PBXProject section */

/* Begin PBXResourcesBuildPhase section */
		C960CBE12E788B4D005A276A /* Resources */ = {
			isa = PBXResourcesBuildPhase;
			buildActionMask = 2147483647;
			files = (
			);
			runOnlyForDeploymentPostprocessing = 0;
		};
		C960CBEE2E788B55005A276A /* Resources */ = {
			isa = PBXResourcesBuildPhase;
			buildActionMask = 2147483647;
			files = (
			);
			runOnlyForDeploymentPostprocessing = 0;
		};
		C960CBF82E788B55005A276A /* Resources */ = {
			isa = PBXResourcesBuildPhase;
			buildActionMask = 2147483647;
			files = (
			);
			runOnlyForDeploymentPostprocessing = 0;
		};
/* End PBXResourcesBuildPhase section */

/* Begin PBXSourcesBuildPhase section */
		C960CBDF2E788B4D005A276A /* Sources */ = {
			isa = PBXSourcesBuildPhase;
			buildActionMask = 2147483647;
			files = (
			);
			runOnlyForDeploymentPostprocessing = 0;
		};
		C960CBEC2E788B55005A276A /* Sources */ = {
			isa = PBXSourcesBuildPhase;
			buildActionMask = 2147483647;
			files = (
			);
			runOnlyForDeploymentPostprocessing = 0;
		};
		C960CBF62E788B55005A276A /* Sources */ = {
			isa = PBXSourcesBuildPhase;
			buildActionMask = 2147483647;
			files = (
			);
			runOnlyForDeploymentPostprocessing = 0;
		};
/* End PBXSourcesBuildPhase section */

/* Begin PBXTargetDependency section */
		C960CBF22E788B55005A276A /* PBXTargetDependency */ = {
			isa = PBXTargetDependency;
			target = C960CBE22E788B4D005A276A /* HIIT Timer */;
			targetProxy = C960CBF12E788B55005A276A /* PBXContainerItemProxy */;
		};
		C960CBFC2E788B55005A276A /* PBXTargetDependency */ = {
			isa = PBXTargetDependency;
			target = C960CBE22E788B4D005A276A /* HIIT Timer */;
			targetProxy = C960CBFB2E788B55005A276A /* PBXContainerItemProxy */;
		};
/* End PBXTargetDependency section */

/* Begin XCBuildConfiguration section */
		C960CC022E788B55005A276A /* Debug */ = {
			isa = XCBuildConfiguration;
			buildSettings = {
				ALWAYS_SEARCH_USER_PATHS = NO;
				ASSETCATALOG_COMPILER_GENERATE_SWIFT_ASSET_SYMBOL_EXTENSIONS = YES;
				CLANG_ANALYZER_NONNULL = YES;
				CLANG_ANALYZER_NUMBER_OBJECT_CONVERSION = YES_AGGRESSIVE;
				CLANG_CXX_LANGUAGE_STANDARD = "gnu++20";
				CLANG_ENABLE_MODULES = YES;
				CLANG_ENABLE_OBJC_ARC = YES;
				CLANG_ENABLE_OBJC_WEAK = YES;
				CLANG_WARN_BLOCK_CAPTURE_AUTORELEASING = YES;
				CLANG_WARN_BOOL_CONVERSION = YES;
				CLANG_WARN_COMMA = YES;
				CLANG_WARN_CONSTANT_CONVERSION = YES;
				CLANG_WARN_DEPRECATED_OBJC_IMPLEMENTATIONS = YES;
				CLANG_WARN_DIRECT_OBJC_ISA_USAGE = YES_ERROR;
				CLANG_WARN_DOCUMENTATION_COMMENTS = YES;
				CLANG_WARN_EMPTY_BODY = YES;
				CLANG_WARN_ENUM_CONVERSION = YES;
				CLANG_WARN_INFINITE_RECURSION = YES;
				CLANG_WARN_INT_CONVERSION = YES;
				CLANG_WARN_NON_LITERAL_NULL_CONVERSION = YES;
				CLANG_WARN_OBJC_IMPLICIT_RETAIN_SELF = YES;
				CLANG_WARN_OBJC_LITERAL_CONVERSION = YES;
				CLANG_WARN_OBJC_ROOT_CLASS = YES_ERROR;
				CLANG_WARN_QUOTED_INCLUDE_IN_FRAMEWORK_HEADER = YES;
				CLANG_WARN_RANGE_LOOP_ANALYSIS = YES;
				CLANG_WARN_STRICT_PROTOTYPES = YES;
				CLANG_WARN_SUSPICIOUS_MOVE = YES;
				CLANG_WARN_UNGUARDED_AVAILABILITY = YES_AGGRESSIVE;
				CLANG_WARN_UNREACHABLE_CODE = YES;
				CLANG_WARN__DUPLICATE_METHOD_MATCH = YES;
				COPY_PHASE_STRIP = NO;
				DEBUG_INFORMATION_FORMAT = dwarf;
				DEVELOPMENT_TEAM = 5W4B9A65LA;
				ENABLE_STRICT_OBJC_MSGSEND = YES;
				ENABLE_TESTABILITY = YES;
				ENABLE_USER_SCRIPT_SANDBOXING = YES;
				GCC_C_LANGUAGE_STANDARD = gnu17;
				GCC_DYNAMIC_NO_PIC = NO;
				GCC_NO_COMMON_BLOCKS = YES;
				GCC_OPTIMIZATION_LEVEL = 0;
				GCC_PREPROCESSOR_DEFINITIONS = (
					"DEBUG=1",
					"$(inherited)",
				);
				GCC_WARN_64_TO_32_BIT_CONVERSION = YES;
				GCC_WARN_ABOUT_RETURN_TYPE = YES_ERROR;
				GCC_WARN_UNDECLARED_SELECTOR = YES;
				GCC_WARN_UNINITIALIZED_AUTOS = YES_AGGRESSIVE;
				GCC_WARN_UNUSED_FUNCTION = YES;
				GCC_WARN_UNUSED_VARIABLE = YES;
				IPHONEOS_DEPLOYMENT_TARGET = 18.5;
				LOCALIZATION_PREFERS_STRING_CATALOGS = YES;
				MTL_ENABLE_DEBUG_INFO = INCLUDE_SOURCE;
				MTL_FAST_MATH = YES;
				ONLY_ACTIVE_ARCH = YES;
				SDKROOT = iphoneos;
				SWIFT_ACTIVE_COMPILATION_CONDITIONS = "DEBUG $(inherited)";
				SWIFT_OPTIMIZATION_LEVEL = "-Onone";
			};
			name = Debug;
		};
		C960CC032E788B55005A276A /* Release */ = {
			isa = XCBuildConfiguration;
			buildSettings = {
				ALWAYS_SEARCH_USER_PATHS = NO;
				ASSETCATALOG_COMPILER_GENERATE_SWIFT_ASSET_SYMBOL_EXTENSIONS = YES;
				CLANG_ANALYZER_NONNULL = YES;
				CLANG_ANALYZER_NUMBER_OBJECT_CONVERSION = YES_AGGRESSIVE;
				CLANG_CXX_LANGUAGE_STANDARD = "gnu++20";
				CLANG_ENABLE_MODULES = YES;
				CLANG_ENABLE_OBJC_ARC = YES;
				CLANG_ENABLE_OBJC_WEAK = YES;
				CLANG_WARN_BLOCK_CAPTURE_AUTORELEASING = YES;
				CLANG_WARN_BOOL_CONVERSION = YES;
				CLANG_WARN_COMMA = YES;
				CLANG_WARN_CONSTANT_CONVERSION = YES;
				CLANG_WARN_DEPRECATED_OBJC_IMPLEMENTATIONS = YES;
				CLANG_WARN_DIRECT_OBJC_ISA_USAGE = YES_ERROR;
				CLANG_WARN_DOCUMENTATION_COMMENTS = YES;
				CLANG_WARN_EMPTY_BODY = YES;
				CLANG_WARN_ENUM_CONVERSION = YES;
				CLANG_WARN_INFINITE_RECURSION = YES;
				CLANG_WARN_INT_CONVERSION = YES;
				CLANG_WARN_NON_LITERAL_NULL_CONVERSION = YES;
				CLANG_WARN_OBJC_IMPLICIT_RETAIN_SELF = YES;
				CLANG_WARN_OBJC_LITERAL_CONVERSION = YES;
				CLANG_WARN_OBJC_ROOT_CLASS = YES_ERROR;
				CLANG_WARN_QUOTED_INCLUDE_IN_FRAMEWORK_HEADER = YES;
				CLANG_WARN_RANGE_LOOP_ANALYSIS = YES;
				CLANG_WARN_STRICT_PROTOTYPES = YES;
				CLANG_WARN_SUSPICIOUS_MOVE = YES;
				CLANG_WARN_UNGUARDED_AVAILABILITY = YES_AGGRESSIVE;
				CLANG_WARN_UNREACHABLE_CODE = YES;
				CLANG_WARN__DUPLICATE_METHOD_MATCH = YES;
				COPY_PHASE_STRIP = NO;
				DEBUG_INFORMATION_FORMAT = "dwarf-with-dsym";
				DEVELOPMENT_TEAM = 5W4B9A65LA;
				ENABLE_NS_ASSERTIONS = NO;
				ENABLE_STRICT_OBJC_MSGSEND = YES;
				ENABLE_USER_SCRIPT_SANDBOXING = YES;
				GCC_C_LANGUAGE_STANDARD = gnu17;
				GCC_NO_COMMON_BLOCKS = YES;
				GCC_WARN_64_TO_32_BIT_CONVERSION = YES;
				GCC_WARN_ABOUT_RETURN_TYPE = YES_ERROR;
				GCC_WARN_UNDECLARED_SELECTOR = YES;
				GCC_WARN_UNINITIALIZED_AUTOS = YES_AGGRESSIVE;
				GCC_WARN_UNUSED_FUNCTION = YES;
				GCC_WARN_UNUSED_VARIABLE = YES;
				IPHONEOS_DEPLOYMENT_TARGET = 18.5;
				LOCALIZATION_PREFERS_STRING_CATALOGS = YES;
				MTL_ENABLE_DEBUG_INFO = NO;
				MTL_FAST_MATH = YES;
				SDKROOT = iphoneos;
				SWIFT_COMPILATION_MODE = wholemodule;
				VALIDATE_PRODUCT = YES;
			};
			name = Release;
		};
		C960CC052E788B55005A276A /* Debug */ = {
			isa = XCBuildConfiguration;
			buildSettings = {
				ASSETCATALOG_COMPILER_APPICON_NAME = AppIcon;
				ASSETCATALOG_COMPILER_GLOBAL_ACCENT_COLOR_NAME = AccentColor;
				CODE_SIGN_STYLE = Automatic;
				CURRENT_PROJECT_VERSION = 1;
				DEVELOPMENT_TEAM = 5W4B9A65LA;
				ENABLE_PREVIEWS = YES;
				GENERATE_INFOPLIST_FILE = YES;
				INFOPLIST_KEY_UIApplicationSceneManifest_Generation = YES;
				INFOPLIST_KEY_UIApplicationSupportsIndirectInputEvents = YES;
				INFOPLIST_KEY_UILaunchScreen_Generation = YES;
				INFOPLIST_KEY_UISupportedInterfaceOrientations_iPad = "UIInterfaceOrientationPortrait UIInterfaceOrientationPortraitUpsideDown UIInterfaceOrientationLandscapeLeft UIInterfaceOrientationLandscapeRight";
				INFOPLIST_KEY_UISupportedInterfaceOrientations_iPhone = "UIInterfaceOrientationPortrait UIInterfaceOrientationLandscapeLeft UIInterfaceOrientationLandscapeRight";
				LD_RUNPATH_SEARCH_PATHS = (
					"$(inherited)",
					"@executable_path/Frameworks",
				);
				MARKETING_VERSION = 1.0;
				PRODUCT_BUNDLE_IDENTIFIER = "com.Heru.HIIT-Timer";
				PRODUCT_NAME = "$(TARGET_NAME)";
				SWIFT_EMIT_LOC_STRINGS = YES;
				SWIFT_VERSION = 5.0;
				TARGETED_DEVICE_FAMILY = "1,2";
			};
			name = Debug;
		};
		C960CC062E788B55005A276A /* Release */ = {
			isa = XCBuildConfiguration;
			buildSettings = {
				ASSETCATALOG_COMPILER_APPICON_NAME = AppIcon;
				ASSETCATALOG_COMPILER_GLOBAL_ACCENT_COLOR_NAME = AccentColor;
				CODE_SIGN_STYLE = Automatic;
				CURRENT_PROJECT_VERSION = 1;
				DEVELOPMENT_TEAM = 5W4B9A65LA;
				ENABLE_PREVIEWS = YES;
				GENERATE_INFOPLIST_FILE = YES;
				INFOPLIST_KEY_UIApplicationSceneManifest_Generation = YES;
				INFOPLIST_KEY_UIApplicationSupportsIndirectInputEvents = YES;
				INFOPLIST_KEY_UILaunchScreen_Generation = YES;
				INFOPLIST_KEY_UISupportedInterfaceOrientations_iPad = "UIInterfaceOrientationPortrait UIInterfaceOrientationPortraitUpsideDown UIInterfaceOrientationLandscapeLeft UIInterfaceOrientationLandscapeRight";
				INFOPLIST_KEY_UISupportedInterfaceOrientations_iPhone = "UIInterfaceOrientationPortrait UIInterfaceOrientationLandscapeLeft UIInterfaceOrientationLandscapeRight";
				LD_RUNPATH_SEARCH_PATHS = (
					"$(inherited)",
					"@executable_path/Frameworks",
				);
				MARKETING_VERSION = 1.0;
				PRODUCT_BUNDLE_IDENTIFIER = "com.Heru.HIIT-Timer";
				PRODUCT_NAME = "$(TARGET_NAME)";
				SWIFT_EMIT_LOC_STRINGS = YES;
				SWIFT_VERSION = 5.0;
				TARGETED_DEVICE_FAMILY = "1,2";
			};
			name = Release;
		};
		C960CC082E788B55005A276A /* Debug */ = {
			isa = XCBuildConfiguration;
			buildSettings = {
				BUNDLE_LOADER = "$(TEST_HOST)";
				CODE_SIGN_STYLE = Automatic;
				CURRENT_PROJECT_VERSION = 1;
				DEVELOPMENT_TEAM = 5W4B9A65LA;
				GENERATE_INFOPLIST_FILE = YES;
				IPHONEOS_DEPLOYMENT_TARGET = 18.5;
				MARKETING_VERSION = 1.0;
				PRODUCT_BUNDLE_IDENTIFIER = "com.Heru.HIIT-TimerTests";
				PRODUCT_NAME = "$(TARGET_NAME)";
				SWIFT_EMIT_LOC_STRINGS = NO;
				SWIFT_VERSION = 5.0;
				TARGETED_DEVICE_FAMILY = "1,2";
				TEST_HOST = "$(BUILT_PRODUCTS_DIR)/HIIT Timer.app/$(BUNDLE_EXECUTABLE_FOLDER_PATH)/HIIT Timer";
			};
			name = Debug;
		};
		C960CC092E788B55005A276A /* Release */ = {
			isa = XCBuildConfiguration;
			buildSettings = {
				BUNDLE_LOADER = "$(TEST_HOST)";
				CODE_SIGN_STYLE = Automatic;
				CURRENT_PROJECT_VERSION = 1;
				DEVELOPMENT_TEAM = 5W4B9A65LA;
				GENERATE_INFOPLIST_FILE = YES;
				IPHONEOS_DEPLOYMENT_TARGET = 18.5;
				MARKETING_VERSION = 1.0;
				PRODUCT_BUNDLE_IDENTIFIER = "com.Heru.HIIT-TimerTests";
				PRODUCT_NAME = "$(TARGET_NAME)";
				SWIFT_EMIT_LOC_STRINGS = NO;
				SWIFT_VERSION = 5.0;
				TARGETED_DEVICE_FAMILY = "1,2";
				TEST_HOST = "$(BUILT_PRODUCTS_DIR)/HIIT Timer.app/$(BUNDLE_EXECUTABLE_FOLDER_PATH)/HIIT Timer";
			};
			name = Release;
		};
		C960CC0B2E788B55005A276A /* Debug */ = {
			isa = XCBuildConfiguration;
			buildSettings = {
				CODE_SIGN_STYLE = Automatic;
				CURRENT_PROJECT_VERSION = 1;
				DEVELOPMENT_TEAM = 5W4B9A65LA;
				GENERATE_INFOPLIST_FILE = YES;
				MARKETING_VERSION = 1.0;
				PRODUCT_BUNDLE_IDENTIFIER = "com.Heru.HIIT-TimerUITests";
				PRODUCT_NAME = "$(TARGET_NAME)";
				SWIFT_EMIT_LOC_STRINGS = NO;
				SWIFT_VERSION = 5.0;
				TARGETED_DEVICE_FAMILY = "1,2";
				TEST_TARGET_NAME = "HIIT Timer";
			};
			name = Debug;
		};
		C960CC0C2E788B55005A276A /* Release */ = {
			isa = XCBuildConfiguration;
			buildSettings = {
				CODE_SIGN_STYLE = Automatic;
				CURRENT_PROJECT_VERSION = 1;
				DEVELOPMENT_TEAM = 5W4B9A65LA;
				GENERATE_INFOPLIST_FILE = YES;
				MARKETING_VERSION = 1.0;
				PRODUCT_BUNDLE_IDENTIFIER = "com.Heru.HIIT-TimerUITests";
				PRODUCT_NAME = "$(TARGET_NAME)";
				SWIFT_EMIT_LOC_STRINGS = NO;
				SWIFT_VERSION = 5.0;
				TARGETED_DEVICE_FAMILY = "1,2";
				TEST_TARGET_NAME = "HIIT Timer";
			};
			name = Release;
		};
/* End XCBuildConfiguration section */

/* Begin XCConfigurationList section */
		C960CBDE2E788B4D005A276A /* Build configuration list for PBXProject "HIIT Timer" */ = {
			isa = XCConfigurationList;
			buildConfigurations = (
				C960CC022E788B55005A276A /* Debug */,
				C960CC032E788B55005A276A /* Release */,
			);
			defaultConfigurationIsVisible = 0;
			defaultConfigurationName = Release;
		};
		C960CC042E788B55005A276A /* Build configuration list for PBXNativeTarget "HIIT Timer" */ = {
			isa = XCConfigurationList;
			buildConfigurations = (
				C960CC052E788B55005A276A /* Debug */,
				C960CC062E788B55005A276A /* Release */,
			);
			defaultConfigurationIsVisible = 0;
			defaultConfigurationName = Release;
		};
		C960CC072E788B55005A276A /* Build configuration list for PBXNativeTarget "HIIT TimerTests" */ = {
			isa = XCConfigurationList;
			buildConfigurations = (
				C960CC082E788B55005A276A /* Debug */,
				C960CC092E788B55005A276A /* Release */,
			);
			defaultConfigurationIsVisible = 0;
			defaultConfigurationName = Release;
		};
		C960CC0A2E788B55005A276A /* Build configuration list for PBXNativeTarget "HIIT TimerUITests" */ = {
			isa = XCConfigurationList;
			buildConfigurations = (
				C960CC0B2E788B55005A276A /* Debug */,
				C960CC0C2E788B55005A276A /* Release */,
			);
			defaultConfigurationIsVisible = 0;
			defaultConfigurationName = Release;
		};
/* End XCConfigurationList section */
	};
	rootObject = C960CBDB2E788B4D005A276A /* Project object */;
}
